<?xml version="1.0" encoding="utf-8"?>
<Project ToolsVersion="4.0" xmlns="http://schemas.microsoft.com/developer/msbuild/2003">
  <ItemGroup>
    <Filter Include="Resources">
      <UniqueIdentifier>{67DA6AB6-F800-4c08-8B7A-83BB121AAD01}</UniqueIdentifier>
      <Extensions>rc;ico;cur;bmp;dlg;rc2;rct;bin;rgs;gif;jpg;jpeg;jpe;resx;tiff;tif;png;wav;mfcribbon-ms</Extensions>
    </Filter>
    <Filter Include="Code">
      <UniqueIdentifier>{4FC737F1-C7A5-4376-A066-2A32D752A2FF}</UniqueIdentifier>
      <Extensions>cpp;c;cc;cxx;def;odl;idl;hpj;bat;asm;asmx</Extensions>
    </Filter>
    <Filter Include="Code\GUI">
      <UniqueIdentifier>{f846dcc4-3f1c-42d7-bffe-91d99653dcc1}</UniqueIdentifier>
    </Filter>
    <Filter Include="Code\ZLib">
      <UniqueIdentifier>{52cb26e5-9216-4921-9fbb-f147bc8fbc91}</UniqueIdentifier>
    </Filter>
    <Filter Include="Code\LZ4">
      <UniqueIdentifier>{25584aed-68fc-4526-8a38-b031247e5f88}</UniqueIdentifier>
    </Filter>
  </ItemGroup>
  <ItemGroup>
    <ClInclude Include="stdafx.h" />
    <ClInclude Include="Resources\Resource.h">
      <Filter>Resources</Filter>
    </ClInclude>
    <ClInclude Include="Resources\resource1.h">
      <Filter>Resources</Filter>
    </ClInclude>
    <ClInclude Include="Source\bacBSA.h">
      <Filter>Code</Filter>
    </ClInclude>
    <ClInclude Include="Source\bacApp.h">
      <Filter>Code</Filter>
    </ClInclude>
    <ClInclude Include="Source\bacArchiveCommon.h">
      <Filter>Code</Filter>
    </ClInclude>
    <ClInclude Include="Source\bacArchiveOperationThread.h">
      <Filter>Code</Filter>
    </ClInclude>
    <ClInclude Include="Source\LZ4\LZ4.hpp">
      <Filter>Code\LZ4</Filter>
    </ClInclude>
    <ClInclude Include="Source\ZLib\ZLib.hpp">
      <Filter>Code\ZLib</Filter>
    </ClInclude>
    <ClInclude Include="Source\GUI\bacArchiveFilesViewModel.h">
      <Filter>Code\GUI</Filter>
    </ClInclude>
    <ClInclude Include="Source\GUI\bacArchiveInfoWindow.h">
      <Filter>Code\GUI</Filter>
    </ClInclude>
    <ClInclude Include="Source\GUI\bacMainWindow.h">
      <Filter>Code\GUI</Filter>
    </ClInclude>
  </ItemGroup>
  <ItemGroup>
    <ClCompile Include="stdafx.cpp" />
    <ClCompile Include="Source\bacApp.cpp">
      <Filter>Code</Filter>
    </ClCompile>
    <ClCompile Include="Source\bacBSA.cpp">
      <Filter>Code</Filter>
    </ClCompile>
    <ClCompile Include="Source\GUI\bacMainWindow.cpp">
      <Filter>Code\GUI</Filter>
    </ClCompile>
    <ClCompile Include="Source\GUI\bacArchiveInfoWindow.cpp">
      <Filter>Code\GUI</Filter>
    </ClCompile>
    <ClCompile Include="Source\ZLib\ZLib.cpp">
      <Filter>Code\ZLib</Filter>
    </ClCompile>
    <ClCompile Include="Source\GUI\bacMainWindowIcons.cpp">
      <Filter>Code\GUI</Filter>
    </ClCompile>
    <ClCompile Include="Source\bacArchiveOperationThread.cpp">
      <Filter>Code</Filter>
    </ClCompile>
    <ClCompile Include="Source\LZ4\LZ4.cpp">
      <Filter>Code\LZ4</Filter>
    </ClCompile>
    <ClCompile Include="Source\GUI\bacArchiveFilesViewModel.cpp">
      <Filter>Code\GUI</Filter>
    </ClCompile>
  </ItemGroup>
  <ItemGroup>
    <Image Include="Resources\BArC.ico">
      <Filter>Resources</Filter>
    </Image>
  </ItemGroup>
  <ItemGroup>
    <ResourceCompile Include="Resources\BArC.rc">
      <Filter>Resources</Filter>
    </ResourceCompile>
  </ItemGroup>
  <ItemGroup>
    <Xml Include="Bin\Lang\en-US.xml">
      <Filter>Resources</Filter>
    </Xml>
    <Xml Include="Bin\Lang\ru-RU.xml">
      <Filter>Resources</Filter>
    </Xml>
  </ItemGroup>
  <ItemGroup>
    <None Include="packages.config" />
  </ItemGroup>
</Project>